{
  "nodes": {
    "blueprint": {
      "inputs": {
        "nixpkgs": [
          "nix-ai-tools",
          "nixpkgs"
        ],
        "systems": "systems"
      },
      "locked": {
        "lastModified": 1758687491,
        "narHash": "sha256-sy8Q+MfBe+MZzYj4MJwBDe4lkLnmhy1POO86hWZgqO8=",
        "owner": "numtide",
        "repo": "blueprint",
        "rev": "7ecaeb70f63d14a397c73b38f57177894bb795c8",
        "type": "github"
      },
      "original": {
        "owner": "numtide",
        "repo": "blueprint",
        "type": "github"
      }
    },
    "flake-parts": {
      "inputs": {
        "nixpkgs-lib": "nixpkgs-lib"
      },
      "locked": {
        "lastModified": 1759362264,
        "narHash": "sha256-wfG0S7pltlYyZTM+qqlhJ7GMw2fTF4mLKCIVhLii/4M=",
        "owner": "hercules-ci",
        "repo": "flake-parts",
        "rev": "758cf7296bee11f1706a574c77d072b8a7baa881",
        "type": "github"
      },
      "original": {
        "owner": "hercules-ci",
        "repo": "flake-parts",
        "type": "github"
      }
    },
    "nix-ai-tools": {
      "inputs": {
        "blueprint": "blueprint",
        "nixpkgs": "nixpkgs",
        "treefmt-nix": "treefmt-nix"
      },
      "locked": {
        "lastModified": 1759977954,
        "narHash": "sha256-04GNjaxChQy2Wx9T/LaEtgL9FFX3lH9I9E0kwhrrcEA=",
        "owner": "numtide",
        "repo": "nix-ai-tools",
        "rev": "16b6e54b32e3cad9d8470d8206dcc45a6733b3a0",
        "type": "github"
      },
      "original": {
        "owner": "numtide",
        "repo": "nix-ai-tools",
        "type": "github"
      }
    },
    "nixpkgs": {
      "locked": {
        "lastModified": 1759381078,
        "narHash": "sha256-gTrEEp5gEspIcCOx9PD8kMaF1iEmfBcTbO0Jag2QhQs=",
        "owner": "NixOS",
        "repo": "nixpkgs",
        "rev": "7df7ff7d8e00218376575f0acdcc5d66741351ee",
        "type": "github"
      },
      "original": {
        "owner": "NixOS",
        "ref": "nixos-unstable",
        "repo": "nixpkgs",
        "type": "github"
      }
    },
    "nixpkgs-lib": {
      "locked": {
        "lastModified": 1754788789,
        "narHash": "sha256-x2rJ+Ovzq0sCMpgfgGaaqgBSwY+LST+WbZ6TytnT9Rk=",
        "owner": "nix-community",
        "repo": "nixpkgs.lib",
        "rev": "a73b9c743612e4244d865a2fdee11865283c04e6",
        "type": "github"
      },
      "original": {
        "owner": "nix-community",
        "repo": "nixpkgs.lib",
        "type": "github"
      }
    },
    "nixpkgs_2": {
      "locked": {
        "lastModified": 1759831965,
        "narHash": "sha256-vgPm2xjOmKdZ0xKA6yLXPJpjOtQPHfaZDRtH+47XEBo=",
        "rev": "c9b6fb798541223bbb396d287d16f43520250518",
        "revCount": 873798,
        "type": "tarball",
        "url": "https://api.flakehub.com/f/pinned/NixOS/nixpkgs/0.1.873798%2Brev-c9b6fb798541223bbb396d287d16f43520250518/0199c273-922a-7e58-9985-2e0e56e6b960/source.tar.gz"
      },
      "original": {
        "type": "tarball",
        "url": "https://flakehub.com/f/NixOS/nixpkgs/0.1"
      }
    },
    "root": {
      "inputs": {
        "flake-parts": "flake-parts",
        "nix-ai-tools": "nix-ai-tools",
        "nixpkgs": "nixpkgs_2"
      }
    },
    "systems": {
      "locked": {
        "lastModified": 1681028828,
        "narHash": "sha256-Vy1rq5AaRuLzOxct8nz4T6wlgyUR7zLU309k9mBC768=",
        "owner": "nix-systems",
        "repo": "default",
        "rev": "da67096a3b9bf56a91d16901293e51ba5b49a27e",
        "type": "github"
      },
      "original": {
        "owner": "nix-systems",
        "repo": "default",
        "type": "github"
      }
    },
    "treefmt-nix": {
      "inputs": {
        "nixpkgs": [
          "nix-ai-tools",
          "nixpkgs"
        ]
      },
      "locked": {
        "lastModified": 1758728421,
        "narHash": "sha256-ySNJ008muQAds2JemiyrWYbwbG+V7S5wg3ZVKGHSFu8=",
        "owner": "numtide",
        "repo": "treefmt-nix",
        "rev": "5eda4ee8121f97b218f7cc73f5172098d458f1d1",
        "type": "github"
      },
      "original": {
        "owner": "numtide",
        "repo": "treefmt-nix",
        "type": "github"
      }
    }
  },
  "root": "root",
  "version": 7
}
